
Microsoft Visual Studio Solution File, Format Version 12.00
# Visual Studio Version 17
VisualStudioVersion = 17.11.35222.181
MinimumVisualStudioVersion = 10.0.40219.1
Project("{9A19103F-16F7-4668-BE54-9A1E7A4F7556}") = "AegisTasks.Core", "AegisTasks.Core\AegisTasks.Core.csproj", "{53630AA5-84B7-452C-8420-B82F7BC0E260}"
EndProject
Project("{9A19103F-16F7-4668-BE54-9A1E7A4F7556}") = "AegisTasks.TasksLibrary", "AegisTasks.TasksLibrary\AegisTasks.TasksLibrary.csproj", "{88F06DAE-DEF4-44FA-8F3F-7190216F41B5}"
EndProject
Project("{FAE04EC0-301F-11D3-BF4B-00C04F79EFBC}") = "AegisTasks.UnitTests", "AegisTasks.UnitTests\AegisTasks.UnitTests.csproj", "{24E3F071-04DB-458D-AFA0-2A99A8BC9504}"
EndProject
Project("{FAE04EC0-301F-11D3-BF4B-00C04F79EFBC}") = "AegisTasks.DataAccess", "AegisTasks.DataAccess\AegisTasks.DataAccess.csproj", "{9904B48C-3C9A-4327-AD50-6CAF0DAF02D5}"
EndProject
Project("{FAE04EC0-301F-11D3-BF4B-00C04F79EFBC}") = "AegisTasks.BLL", "AegisTasks.BLL\AegisTasks.BLL.csproj", "{D725BD9C-E68D-4CE1-B53C-2AD923044CD6}"
EndProject
Global
	GlobalSection(SolutionConfigurationPlatforms) = preSolution
		Debug|Any CPU = Debug|Any CPU
		Release|Any CPU = Release|Any CPU
	EndGlobalSection
	GlobalSection(ProjectConfigurationPlatforms) = postSolution
		{53630AA5-84B7-452C-8420-B82F7BC0E260}.Debug|Any CPU.ActiveCfg = Debug|Any CPU
		{53630AA5-84B7-452C-8420-B82F7BC0E260}.Debug|Any CPU.Build.0 = Debug|Any CPU
		{53630AA5-84B7-452C-8420-B82F7BC0E260}.Release|Any CPU.ActiveCfg = Release|Any CPU
		{53630AA5-84B7-452C-8420-B82F7BC0E260}.Release|Any CPU.Build.0 = Release|Any CPU
		{88F06DAE-DEF4-44FA-8F3F-7190216F41B5}.Debug|Any CPU.ActiveCfg = Debug|Any CPU
		{88F06DAE-DEF4-44FA-8F3F-7190216F41B5}.Debug|Any CPU.Build.0 = Debug|Any CPU
		{88F06DAE-DEF4-44FA-8F3F-7190216F41B5}.Release|Any CPU.ActiveCfg = Release|Any CPU
		{88F06DAE-DEF4-44FA-8F3F-7190216F41B5}.Release|Any CPU.Build.0 = Release|Any CPU
		{24E3F071-04DB-458D-AFA0-2A99A8BC9504}.Debug|Any CPU.ActiveCfg = Debug|Any CPU
		{24E3F071-04DB-458D-AFA0-2A99A8BC9504}.Debug|Any CPU.Build.0 = Debug|Any CPU
		{24E3F071-04DB-458D-AFA0-2A99A8BC9504}.Release|Any CPU.ActiveCfg = Release|Any CPU
		{24E3F071-04DB-458D-AFA0-2A99A8BC9504}.Release|Any CPU.Build.0 = Release|Any CPU
		{9904B48C-3C9A-4327-AD50-6CAF0DAF02D5}.Debug|Any CPU.ActiveCfg = Debug|Any CPU
		{9904B48C-3C9A-4327-AD50-6CAF0DAF02D5}.Debug|Any CPU.Build.0 = Debug|Any CPU
		{9904B48C-3C9A-4327-AD50-6CAF0DAF02D5}.Release|Any CPU.ActiveCfg = Release|Any CPU
		{9904B48C-3C9A-4327-AD50-6CAF0DAF02D5}.Release|Any CPU.Build.0 = Release|Any CPU
		{D725BD9C-E68D-4CE1-B53C-2AD923044CD6}.Debug|Any CPU.ActiveCfg = Debug|Any CPU
		{D725BD9C-E68D-4CE1-B53C-2AD923044CD6}.Debug|Any CPU.Build.0 = Debug|Any CPU
		{D725BD9C-E68D-4CE1-B53C-2AD923044CD6}.Release|Any CPU.ActiveCfg = Release|Any CPU
		{D725BD9C-E68D-4CE1-B53C-2AD923044CD6}.Release|Any CPU.Build.0 = Release|Any CPU
	EndGlobalSection
	GlobalSection(SolutionProperties) = preSolution
		HideSolutionNode = FALSE
	EndGlobalSection
	GlobalSection(ExtensibilityGlobals) = postSolution
		SolutionGuid = {23A8F2D2-5E7B-4463-B81F-2D7C4B9ECCCB}
	EndGlobalSection
EndGlobal
